
Microsoft Visual Studio Solution File, Format Version 12.00
# Visual Studio 15
VisualStudioVersion = 15.0.28307.1778
MinimumVisualStudioVersion = 10.0.40219.1
Project("{FAE04EC0-301F-11D3-BF4B-00C04F79EFBC}") = "Online Food Ordering", "Online Food Ordering\Online Food Ordering.csproj", "{400555BD-3955-4EC4-BF92-D71216A768BC}"
EndProject
Project("{54435603-DBB4-11D2-8724-00A0C9A8B90C}") = "Setup", "Setup\Setup.vdproj", "{7A439BF0-C2DD-49F2-86DC-3F2BDF03B24E}"
EndProject
Global
	GlobalSection(SolutionConfigurationPlatforms) = preSolution
		Debug|Any CPU = Debug|Any CPU
		Release|Any CPU = Release|Any CPU
	EndGlobalSection
	GlobalSection(ProjectConfigurationPlatforms) = postSolution
		{400555BD-3955-4EC4-BF92-D71216A768BC}.Debug|Any CPU.ActiveCfg = Debug|Any CPU
		{400555BD-3955-4EC4-BF92-D71216A768BC}.Debug|Any CPU.Build.0 = Debug|Any CPU
		{400555BD-3955-4EC4-BF92-D71216A768BC}.Release|Any CPU.ActiveCfg = Release|Any CPU
		{400555BD-3955-4EC4-BF92-D71216A768BC}.Release|Any CPU.Build.0 = Release|Any CPU
		{7A439BF0-C2DD-49F2-86DC-3F2BDF03B24E}.Debug|Any CPU.ActiveCfg = Debug
		{7A439BF0-C2DD-49F2-86DC-3F2BDF03B24E}.Release|Any CPU.ActiveCfg = Release
	EndGlobalSection
	GlobalSection(SolutionProperties) = preSolution
		HideSolutionNode = FALSE
	EndGlobalSection
	GlobalSection(ExtensibilityGlobals) = postSolution
		SolutionGuid = {818B3099-67F5-42B1-88D9-6289D2C0F754}
	EndGlobalSection
EndGlobal
